
Microsoft Visual Studio Solution File, Format Version 12.00
# Visual Studio 15
VisualStudioVersion = 15.0.28010.2036
MinimumVisualStudioVersion = 10.0.40219.1
Project("{FAE04EC0-301F-11D3-BF4B-00C04F79EFBC}") = "WindowsFrm1.1", "WindowsFrm1.1\WindowsFrm1.1.csproj", "{3DCEF3D8-4518-4096-A58C-4F2D75C7CF8D}"
EndProject
Global
	GlobalSection(SolutionConfigurationPlatforms) = preSolution
		Debug|Any CPU = Debug|Any CPU
		Release|Any CPU = Release|Any CPU
	EndGlobalSection
	GlobalSection(ProjectConfigurationPlatforms) = postSolution
		{3DCEF3D8-4518-4096-A58C-4F2D75C7CF8D}.Debug|Any CPU.ActiveCfg = Debug|Any CPU
		{3DCEF3D8-4518-4096-A58C-4F2D75C7CF8D}.Debug|Any CPU.Build.0 = Debug|Any CPU
		{3DCEF3D8-4518-4096-A58C-4F2D75C7CF8D}.Release|Any CPU.ActiveCfg = Release|Any CPU
		{3DCEF3D8-4518-4096-A58C-4F2D75C7CF8D}.Release|Any CPU.Build.0 = Release|Any CPU
	EndGlobalSection
	GlobalSection(SolutionProperties) = preSolution
		HideSolutionNode = FALSE
	EndGlobalSection
	GlobalSection(ExtensibilityGlobals) = postSolution
		SolutionGuid = {9990AAB2-91FD-483E-BE73-602B17301870}
	EndGlobalSection
EndGlobal
